
Microsoft Visual Studio Solution File, Format Version 12.00
# Visual Studio Version 17
VisualStudioVersion = 17.5.002.0
MinimumVisualStudioVersion = 10.0.40219.1
Project("{9A19103F-16F7-4668-BE54-9A1E7A4F7556}") = "CoreEscuela", "CoreEscuela.csproj", "{BDEFA620-1AAA-41A7-AD31-745E255055A8}"
EndProject
Global
	GlobalSection(SolutionConfigurationPlatforms) = preSolution
		Debug|Any CPU = Debug|Any CPU
		Release|Any CPU = Release|Any CPU
	EndGlobalSection
	GlobalSection(ProjectConfigurationPlatforms) = postSolution
		{BDEFA620-1AAA-41A7-AD31-745E255055A8}.Debug|Any CPU.ActiveCfg = Debug|Any CPU
		{BDEFA620-1AAA-41A7-AD31-745E255055A8}.Debug|Any CPU.Build.0 = Debug|Any CPU
		{BDEFA620-1AAA-41A7-AD31-745E255055A8}.Release|Any CPU.ActiveCfg = Release|Any CPU
		{BDEFA620-1AAA-41A7-AD31-745E255055A8}.Release|Any CPU.Build.0 = Release|Any CPU
	EndGlobalSection
	GlobalSection(SolutionProperties) = preSolution
		HideSolutionNode = FALSE
	EndGlobalSection
	GlobalSection(ExtensibilityGlobals) = postSolution
		SolutionGuid = {20D6EBC0-FC11-4B77-9DDC-4217D4C6DD0E}
	EndGlobalSection
EndGlobal
